// !$*UTF8*$!
{
	archiveVersion = 1;
	classes = {
	};
	objectVersion = 51;
	objects = {

/* Begin PBXBuildFile section */
		8EC6E28BDCED361E1EE1DD1A /* Pods_emvee.framework in Frameworks */ = {isa = PBXBuildFile; fileRef = 8F346B81463B8B4BA31FB784 /* Pods_emvee.framework */; };
		FA0899C8249C7109005061DB /* UITextView+.swift in Sources */ = {isa = PBXBuildFile; fileRef = FA0899C7249C7109005061DB /* UITextView+.swift */; };
		FA54DBE924661C99008227FE /* AppDelegate.swift in Sources */ = {isa = PBXBuildFile; fileRef = FA54DBE824661C99008227FE /* AppDelegate.swift */; };
		FA54DBEB24661C99008227FE /* SceneDelegate.swift in Sources */ = {isa = PBXBuildFile; fileRef = FA54DBEA24661C99008227FE /* SceneDelegate.swift */; };
		FA54DBED24661C99008227FE /* WelcomeViewController.swift in Sources */ = {isa = PBXBuildFile; fileRef = FA54DBEC24661C99008227FE /* WelcomeViewController.swift */; };
		FA54DBF224661C9A008227FE /* Assets.xcassets in Resources */ = {isa = PBXBuildFile; fileRef = FA54DBF124661C9A008227FE /* Assets.xcassets */; };
		FA54DBF524661C9A008227FE /* LaunchScreen.storyboard in Resources */ = {isa = PBXBuildFile; fileRef = FA54DBF324661C9A008227FE /* LaunchScreen.storyboard */; };
		FA54DBFD24661CDF008227FE /* SignUpViewController.swift in Sources */ = {isa = PBXBuildFile; fileRef = FA54DBFC24661CDF008227FE /* SignUpViewController.swift */; };
		FA54DBFF24661CEA008227FE /* LoginViewController.swift in Sources */ = {isa = PBXBuildFile; fileRef = FA54DBFE24661CEA008227FE /* LoginViewController.swift */; };
		FA54DC0124661D01008227FE /* HomeViewController.swift in Sources */ = {isa = PBXBuildFile; fileRef = FA54DC0024661D01008227FE /* HomeViewController.swift */; };
		FA54DC052466232D008227FE /* StyleUtilities.swift in Sources */ = {isa = PBXBuildFile; fileRef = FA54DC042466232D008227FE /* StyleUtilities.swift */; };
		FA54DC0724662352008227FE /* FormUtilities.swift in Sources */ = {isa = PBXBuildFile; fileRef = FA54DC0624662352008227FE /* FormUtilities.swift */; };
		FA54DC0B24663B37008227FE /* Constants.swift in Sources */ = {isa = PBXBuildFile; fileRef = FA54DC0A24663B37008227FE /* Constants.swift */; };
		FA54DC0D24666A0C008227FE /* ProfileViewController.swift in Sources */ = {isa = PBXBuildFile; fileRef = FA54DC0C24666A0C008227FE /* ProfileViewController.swift */; };
		FA54DC152467C168008227FE /* SettingsViewController.swift in Sources */ = {isa = PBXBuildFile; fileRef = FA54DC142467C168008227FE /* SettingsViewController.swift */; };
		FA5AD8C5248AF991001DFAB6 /* VideoChatViewController.swift in Sources */ = {isa = PBXBuildFile; fileRef = FA5AD8C4248AF991001DFAB6 /* VideoChatViewController.swift */; };
		FA6A18D92492BCFD007CE8EF /* GoogleService-Info.plist in Resources */ = {isa = PBXBuildFile; fileRef = FA6A18D82492BCFD007CE8EF /* GoogleService-Info.plist */; };
		FA76570B2477213A0022C644 /* MultiSimConfig.txt in Resources */ = {isa = PBXBuildFile; fileRef = FA76570A2477213A0022C644 /* MultiSimConfig.txt */; };
		FA785165249962A5001A8949 /* Popup.swift in Sources */ = {isa = PBXBuildFile; fileRef = FA785164249962A5001A8949 /* Popup.swift */; };
		FA91C5FB246F49F500895098 /* TextChatViewController.swift in Sources */ = {isa = PBXBuildFile; fileRef = FA91C5FA246F49F500895098 /* TextChatViewController.swift */; };
		FA91C5FD246F4ADE00895098 /* Message.swift in Sources */ = {isa = PBXBuildFile; fileRef = FA91C5FC246F4ADE00895098 /* Message.swift */; };
		FA91C5FF246F56E800895098 /* DatabaseRepresentation.swift in Sources */ = {isa = PBXBuildFile; fileRef = FA91C5FE246F56E800895098 /* DatabaseRepresentation.swift */; };
		FA91C601246F5BA900895098 /* ChatRoom.swift in Sources */ = {isa = PBXBuildFile; fileRef = FA91C600246F5BA800895098 /* ChatRoom.swift */; };
		FA91C60324709FF000895098 /* NavigationController.swift in Sources */ = {isa = PBXBuildFile; fileRef = FA91C60224709FF000895098 /* NavigationController.swift */; };
		FA91C65B2470E24400895098 /* Main.storyboard in Resources */ = {isa = PBXBuildFile; fileRef = FA91C6592470E24400895098 /* Main.storyboard */; };
		FA91C65F24749F2E00895098 /* UIRadioButton.swift in Sources */ = {isa = PBXBuildFile; fileRef = FA91C65E24749F2E00895098 /* UIRadioButton.swift */; };
		FA9505C324A15C0400AD3BEF /* UILabel+.swift in Sources */ = {isa = PBXBuildFile; fileRef = FA9505C224A15C0400AD3BEF /* UILabel+.swift */; };
		FA9505C724A2B96800AD3BEF /* EditProfileViewController.swift in Sources */ = {isa = PBXBuildFile; fileRef = FA9505C624A2B96800AD3BEF /* EditProfileViewController.swift */; };
		FA9505CB24A5336B00AD3BEF /* UIViewController+.swift in Sources */ = {isa = PBXBuildFile; fileRef = FA9505CA24A5336B00AD3BEF /* UIViewController+.swift */; };
/* End PBXBuildFile section */

/* Begin PBXFileReference section */
		1DD6C80516D350B9AF075916 /* Pods-FirebaseAuthentification.release.xcconfig */ = {isa = PBXFileReference; includeInIndex = 1; lastKnownFileType = text.xcconfig; name = "Pods-FirebaseAuthentification.release.xcconfig"; path = "Target Support Files/Pods-FirebaseAuthentification/Pods-FirebaseAuthentification.release.xcconfig"; sourceTree = "<group>"; };
		7EF20D9AEE8B98C3F45F02C4 /* Pods-emvee.release.xcconfig */ = {isa = PBXFileReference; includeInIndex = 1; lastKnownFileType = text.xcconfig; name = "Pods-emvee.release.xcconfig"; path = "Target Support Files/Pods-emvee/Pods-emvee.release.xcconfig"; sourceTree = "<group>"; };
		8F346B81463B8B4BA31FB784 /* Pods_emvee.framework */ = {isa = PBXFileReference; explicitFileType = wrapper.framework; includeInIndex = 0; path = Pods_emvee.framework; sourceTree = BUILT_PRODUCTS_DIR; };
		C73BBCB7FA4B906C09DD68BE /* Pods-emvee.debug.xcconfig */ = {isa = PBXFileReference; includeInIndex = 1; lastKnownFileType = text.xcconfig; name = "Pods-emvee.debug.xcconfig"; path = "Target Support Files/Pods-emvee/Pods-emvee.debug.xcconfig"; sourceTree = "<group>"; };
		EF9107E1CCB8ED70B42A82C9 /* Pods-iOSApp.debug.xcconfig */ = {isa = PBXFileReference; includeInIndex = 1; lastKnownFileType = text.xcconfig; name = "Pods-iOSApp.debug.xcconfig"; path = "Target Support Files/Pods-iOSApp/Pods-iOSApp.debug.xcconfig"; sourceTree = "<group>"; };
		F14BE25128F6B3AB279C7699 /* Pods-FirebaseAuthentification.debug.xcconfig */ = {isa = PBXFileReference; includeInIndex = 1; lastKnownFileType = text.xcconfig; name = "Pods-FirebaseAuthentification.debug.xcconfig"; path = "Target Support Files/Pods-FirebaseAuthentification/Pods-FirebaseAuthentification.debug.xcconfig"; sourceTree = "<group>"; };
		F7FBE67DC78E33F40E37A331 /* Pods-iOSApp.release.xcconfig */ = {isa = PBXFileReference; includeInIndex = 1; lastKnownFileType = text.xcconfig; name = "Pods-iOSApp.release.xcconfig"; path = "Target Support Files/Pods-iOSApp/Pods-iOSApp.release.xcconfig"; sourceTree = "<group>"; };
		FA0899C7249C7109005061DB /* UITextView+.swift */ = {isa = PBXFileReference; lastKnownFileType = sourcecode.swift; name = "UITextView+.swift"; path = "emvee/Views/UITextView+.swift"; sourceTree = SOURCE_ROOT; };
		FA54DBE524661C99008227FE /* emvee.app */ = {isa = PBXFileReference; explicitFileType = wrapper.application; includeInIndex = 0; path = emvee.app; sourceTree = BUILT_PRODUCTS_DIR; };
		FA54DBE824661C99008227FE /* AppDelegate.swift */ = {isa = PBXFileReference; lastKnownFileType = sourcecode.swift; path = AppDelegate.swift; sourceTree = "<group>"; };
		FA54DBEA24661C99008227FE /* SceneDelegate.swift */ = {isa = PBXFileReference; lastKnownFileType = sourcecode.swift; path = SceneDelegate.swift; sourceTree = "<group>"; };
		FA54DBEC24661C99008227FE /* WelcomeViewController.swift */ = {isa = PBXFileReference; lastKnownFileType = sourcecode.swift; path = WelcomeViewController.swift; sourceTree = "<group>"; };
		FA54DBF124661C9A008227FE /* Assets.xcassets */ = {isa = PBXFileReference; lastKnownFileType = folder.assetcatalog; path = Assets.xcassets; sourceTree = "<group>"; };
		FA54DBF424661C9A008227FE /* Base */ = {isa = PBXFileReference; lastKnownFileType = file.storyboard; name = Base; path = Base.lproj/LaunchScreen.storyboard; sourceTree = "<group>"; };
		FA54DBFC24661CDF008227FE /* SignUpViewController.swift */ = {isa = PBXFileReference; lastKnownFileType = sourcecode.swift; path = SignUpViewController.swift; sourceTree = "<group>"; };
		FA54DBFE24661CEA008227FE /* LoginViewController.swift */ = {isa = PBXFileReference; lastKnownFileType = sourcecode.swift; path = LoginViewController.swift; sourceTree = "<group>"; };
		FA54DC0024661D01008227FE /* HomeViewController.swift */ = {isa = PBXFileReference; lastKnownFileType = sourcecode.swift; path = HomeViewController.swift; sourceTree = "<group>"; };
		FA54DC042466232D008227FE /* StyleUtilities.swift */ = {isa = PBXFileReference; fileEncoding = 4; lastKnownFileType = sourcecode.swift; path = StyleUtilities.swift; sourceTree = "<group>"; };
		FA54DC0624662352008227FE /* FormUtilities.swift */ = {isa = PBXFileReference; lastKnownFileType = sourcecode.swift; path = FormUtilities.swift; sourceTree = "<group>"; };
		FA54DC0A24663B37008227FE /* Constants.swift */ = {isa = PBXFileReference; lastKnownFileType = sourcecode.swift; path = Constants.swift; sourceTree = "<group>"; };
		FA54DC0C24666A0C008227FE /* ProfileViewController.swift */ = {isa = PBXFileReference; lastKnownFileType = sourcecode.swift; path = ProfileViewController.swift; sourceTree = "<group>"; };
		FA54DC142467C168008227FE /* SettingsViewController.swift */ = {isa = PBXFileReference; lastKnownFileType = sourcecode.swift; path = SettingsViewController.swift; sourceTree = "<group>"; };
		FA5AD8C4248AF991001DFAB6 /* VideoChatViewController.swift */ = {isa = PBXFileReference; lastKnownFileType = sourcecode.swift; path = VideoChatViewController.swift; sourceTree = "<group>"; };
		FA6A18D82492BCFD007CE8EF /* GoogleService-Info.plist */ = {isa = PBXFileReference; fileEncoding = 4; lastKnownFileType = text.plist.xml; path = "GoogleService-Info.plist"; sourceTree = "<group>"; };
		FA6A18DD2492BF56007CE8EF /* Info.plist */ = {isa = PBXFileReference; fileEncoding = 4; lastKnownFileType = text.plist.xml; path = Info.plist; sourceTree = "<group>"; };
		FA76570A2477213A0022C644 /* MultiSimConfig.txt */ = {isa = PBXFileReference; lastKnownFileType = text; path = MultiSimConfig.txt; sourceTree = "<group>"; };
		FA76570E247721DB0022C644 /* launch_multiple_simulators.sh */ = {isa = PBXFileReference; lastKnownFileType = text.script.sh; path = launch_multiple_simulators.sh; sourceTree = "<group>"; };
		FA785164249962A5001A8949 /* Popup.swift */ = {isa = PBXFileReference; lastKnownFileType = sourcecode.swift; path = Popup.swift; sourceTree = "<group>"; };
		FA91C5FA246F49F500895098 /* TextChatViewController.swift */ = {isa = PBXFileReference; lastKnownFileType = sourcecode.swift; path = TextChatViewController.swift; sourceTree = "<group>"; };
		FA91C5FC246F4ADE00895098 /* Message.swift */ = {isa = PBXFileReference; lastKnownFileType = sourcecode.swift; path = Message.swift; sourceTree = "<group>"; };
		FA91C5FE246F56E800895098 /* DatabaseRepresentation.swift */ = {isa = PBXFileReference; lastKnownFileType = sourcecode.swift; path = DatabaseRepresentation.swift; sourceTree = "<group>"; };
		FA91C600246F5BA800895098 /* ChatRoom.swift */ = {isa = PBXFileReference; lastKnownFileType = sourcecode.swift; path = ChatRoom.swift; sourceTree = "<group>"; };
		FA91C60224709FF000895098 /* NavigationController.swift */ = {isa = PBXFileReference; lastKnownFileType = sourcecode.swift; path = NavigationController.swift; sourceTree = "<group>"; };
		FA91C65A2470E24400895098 /* Base */ = {isa = PBXFileReference; lastKnownFileType = file.storyboard; name = Base; path = Base.lproj/Main.storyboard; sourceTree = "<group>"; };
		FA91C65E24749F2E00895098 /* UIRadioButton.swift */ = {isa = PBXFileReference; lastKnownFileType = sourcecode.swift; path = UIRadioButton.swift; sourceTree = "<group>"; };
		FA9505C224A15C0400AD3BEF /* UILabel+.swift */ = {isa = PBXFileReference; lastKnownFileType = sourcecode.swift; name = "UILabel+.swift"; path = "emvee/Views/UILabel+.swift"; sourceTree = SOURCE_ROOT; };
		FA9505C624A2B96800AD3BEF /* EditProfileViewController.swift */ = {isa = PBXFileReference; lastKnownFileType = sourcecode.swift; path = EditProfileViewController.swift; sourceTree = "<group>"; };
		FA9505CA24A5336B00AD3BEF /* UIViewController+.swift */ = {isa = PBXFileReference; lastKnownFileType = sourcecode.swift; name = "UIViewController+.swift"; path = "emvee/View Controllers/UIViewController+.swift"; sourceTree = SOURCE_ROOT; };
/* End PBXFileReference section */

/* Begin PBXFrameworksBuildPhase section */
		FA54DBE224661C99008227FE /* Frameworks */ = {
			isa = PBXFrameworksBuildPhase;
			buildActionMask = 2147483647;
			files = (
				8EC6E28BDCED361E1EE1DD1A /* Pods_emvee.framework in Frameworks */,
			);
			runOnlyForDeploymentPostprocessing = 0;
		};
/* End PBXFrameworksBuildPhase section */

/* Begin PBXGroup section */
		4716F8D841E487BE20A85BB6 /* Pods */ = {
			isa = PBXGroup;
			children = (
				F14BE25128F6B3AB279C7699 /* Pods-FirebaseAuthentification.debug.xcconfig */,
				1DD6C80516D350B9AF075916 /* Pods-FirebaseAuthentification.release.xcconfig */,
				EF9107E1CCB8ED70B42A82C9 /* Pods-iOSApp.debug.xcconfig */,
				F7FBE67DC78E33F40E37A331 /* Pods-iOSApp.release.xcconfig */,
				C73BBCB7FA4B906C09DD68BE /* Pods-emvee.debug.xcconfig */,
				7EF20D9AEE8B98C3F45F02C4 /* Pods-emvee.release.xcconfig */,
			);
			path = Pods;
			sourceTree = "<group>";
		};
		8FD1FEABCC246CE8F834946B /* Frameworks */ = {
			isa = PBXGroup;
			children = (
				8F346B81463B8B4BA31FB784 /* Pods_emvee.framework */,
			);
			name = Frameworks;
			sourceTree = "<group>";
		};
		FA54DBDC24661C99008227FE = {
			isa = PBXGroup;
			children = (
				FA76570A2477213A0022C644 /* MultiSimConfig.txt */,
				FA76570E247721DB0022C644 /* launch_multiple_simulators.sh */,
				FA54DBE724661C99008227FE /* emvee */,
				FA54DBE624661C99008227FE /* Products */,
				4716F8D841E487BE20A85BB6 /* Pods */,
				8FD1FEABCC246CE8F834946B /* Frameworks */,
			);
			sourceTree = "<group>";
		};
		FA54DBE624661C99008227FE /* Products */ = {
			isa = PBXGroup;
			children = (
				FA54DBE524661C99008227FE /* emvee.app */,
			);
			name = Products;
			sourceTree = "<group>";
		};
		FA54DBE724661C99008227FE /* emvee */ = {
			isa = PBXGroup;
			children = (
				FA91C5EB246E1ABC00895098 /* Extensions */,
				FA91C5E6246E153C00895098 /* Views */,
				FA91C5DA246E062000895098 /* Models */,
				FA54DC032466229F008227FE /* Helpers */,
				FA54DC0224661D07008227FE /* View Controllers */,
				FA54DBE824661C99008227FE /* AppDelegate.swift */,
				FA54DBEA24661C99008227FE /* SceneDelegate.swift */,
				FA54DBF124661C9A008227FE /* Assets.xcassets */,
				FA91C6592470E24400895098 /* Main.storyboard */,
				FA54DBF324661C9A008227FE /* LaunchScreen.storyboard */,
				FA6A18D82492BCFD007CE8EF /* GoogleService-Info.plist */,
				FA6A18DD2492BF56007CE8EF /* Info.plist */,
			);
			path = emvee;
			sourceTree = "<group>";
		};
		FA54DC0224661D07008227FE /* View Controllers */ = {
			isa = PBXGroup;
			children = (
				FA54DBEC24661C99008227FE /* WelcomeViewController.swift */,
				FA54DBFC24661CDF008227FE /* SignUpViewController.swift */,
				FA54DBFE24661CEA008227FE /* LoginViewController.swift */,
				FA54DC0024661D01008227FE /* HomeViewController.swift */,
				FA54DC0C24666A0C008227FE /* ProfileViewController.swift */,
				FA54DC142467C168008227FE /* SettingsViewController.swift */,
				FA91C5FA246F49F500895098 /* TextChatViewController.swift */,
				FA91C60224709FF000895098 /* NavigationController.swift */,
				FA5AD8C4248AF991001DFAB6 /* VideoChatViewController.swift */,
				FA9505C624A2B96800AD3BEF /* EditProfileViewController.swift */,
			);
			path = "View Controllers";
			sourceTree = "<group>";
		};
		FA54DC032466229F008227FE /* Helpers */ = {
			isa = PBXGroup;
			children = (
				FA54DC042466232D008227FE /* StyleUtilities.swift */,
				FA54DC0624662352008227FE /* FormUtilities.swift */,
				FA54DC0A24663B37008227FE /* Constants.swift */,
			);
			path = Helpers;
			sourceTree = "<group>";
		};
		FA91C5DA246E062000895098 /* Models */ = {
			isa = PBXGroup;
			children = (
				FA91C5FC246F4ADE00895098 /* Message.swift */,
				FA91C5FE246F56E800895098 /* DatabaseRepresentation.swift */,
				FA91C600246F5BA800895098 /* ChatRoom.swift */,
			);
			path = Models;
			sourceTree = "<group>";
		};
		FA91C5E6246E153C00895098 /* Views */ = {
			isa = PBXGroup;
			children = (
				FA91C65E24749F2E00895098 /* UIRadioButton.swift */,
				FA785164249962A5001A8949 /* Popup.swift */,
			);
			path = Views;
			sourceTree = "<group>";
		};
		FA91C5EB246E1ABC00895098 /* Extensions */ = {
			isa = PBXGroup;
			children = (
				FA0899C7249C7109005061DB /* UITextView+.swift */,
				FA9505C224A15C0400AD3BEF /* UILabel+.swift */,
				FA9505CA24A5336B00AD3BEF /* UIViewController+.swift */,
			);
			path = Extensions;
			sourceTree = "<group>";
		};
/* End PBXGroup section */

/* Begin PBXNativeTarget section */
		FA54DBE424661C99008227FE /* emvee */ = {
			isa = PBXNativeTarget;
			buildConfigurationList = FA54DBF924661C9A008227FE /* Build configuration list for PBXNativeTarget "emvee" */;
			buildPhases = (
				88F9C42BB04A27BE6E7DEDB6 /* [CP] Check Pods Manifest.lock */,
				FA54DBE124661C99008227FE /* Sources */,
				FA54DBE224661C99008227FE /* Frameworks */,
				FA54DBE324661C99008227FE /* Resources */,
				E720B172F4A9675F948CFE30 /* [CP] Embed Pods Frameworks */,
				FA76570F247722760022C644 /* ShellScript */,
				025D3D1ECB8ECBE01A9D0DB9 /* [CP] Copy Pods Resources */,
			);
			buildRules = (
			);
			dependencies = (
			);
			name = emvee;
			productName = FirebaseAuthentification;
			productReference = FA54DBE524661C99008227FE /* emvee.app */;
			productType = "com.apple.product-type.application";
		};
/* End PBXNativeTarget section */

/* Begin PBXProject section */
		FA54DBDD24661C99008227FE /* Project object */ = {
			isa = PBXProject;
			attributes = {
				LastSwiftUpdateCheck = 1140;
				LastUpgradeCheck = 1140;
				ORGANIZATIONNAME = "Eric Gustin";
				TargetAttributes = {
					FA54DBE424661C99008227FE = {
						CreatedOnToolsVersion = 11.4.1;
					};
				};
			};
			buildConfigurationList = FA54DBE024661C99008227FE /* Build configuration list for PBXProject "emvee" */;
			compatibilityVersion = "Xcode 9.3";
			developmentRegion = en;
			hasScannedForEncodings = 0;
			knownRegions = (
				en,
				Base,
			);
			mainGroup = FA54DBDC24661C99008227FE;
			productRefGroup = FA54DBE624661C99008227FE /* Products */;
			projectDirPath = "";
			projectRoot = "";
			targets = (
				FA54DBE424661C99008227FE /* emvee */,
			);
		};
/* End PBXProject section */

/* Begin PBXResourcesBuildPhase section */
		FA54DBE324661C99008227FE /* Resources */ = {
			isa = PBXResourcesBuildPhase;
			buildActionMask = 2147483647;
			files = (
				FA76570B2477213A0022C644 /* MultiSimConfig.txt in Resources */,
				FA54DBF524661C9A008227FE /* LaunchScreen.storyboard in Resources */,
				FA6A18D92492BCFD007CE8EF /* GoogleService-Info.plist in Resources */,
				FA54DBF224661C9A008227FE /* Assets.xcassets in Resources */,
				FA91C65B2470E24400895098 /* Main.storyboard in Resources */,
			);
			runOnlyForDeploymentPostprocessing = 0;
		};
/* End PBXResourcesBuildPhase section */

/* Begin PBXShellScriptBuildPhase section */
		025D3D1ECB8ECBE01A9D0DB9 /* [CP] Copy Pods Resources */ = {
			isa = PBXShellScriptBuildPhase;
			buildActionMask = 2147483647;
			files = (
			);
			inputFileListPaths = (
				"${PODS_ROOT}/Target Support Files/Pods-emvee/Pods-emvee-resources-${CONFIGURATION}-input-files.xcfilelist",
			);
			name = "[CP] Copy Pods Resources";
			outputFileListPaths = (
				"${PODS_ROOT}/Target Support Files/Pods-emvee/Pods-emvee-resources-${CONFIGURATION}-output-files.xcfilelist",
			);
			runOnlyForDeploymentPostprocessing = 0;
			shellPath = /bin/sh;
			shellScript = "\"${PODS_ROOT}/Target Support Files/Pods-emvee/Pods-emvee-resources.sh\"\n";
			showEnvVarsInLog = 0;
		};
		88F9C42BB04A27BE6E7DEDB6 /* [CP] Check Pods Manifest.lock */ = {
			isa = PBXShellScriptBuildPhase;
			buildActionMask = 2147483647;
			files = (
			);
			inputFileListPaths = (
			);
			inputPaths = (
				"${PODS_PODFILE_DIR_PATH}/Podfile.lock",
				"${PODS_ROOT}/Manifest.lock",
			);
			name = "[CP] Check Pods Manifest.lock";
			outputFileListPaths = (
			);
			outputPaths = (
				"$(DERIVED_FILE_DIR)/Pods-emvee-checkManifestLockResult.txt",
			);
			runOnlyForDeploymentPostprocessing = 0;
			shellPath = /bin/sh;
			shellScript = "diff \"${PODS_PODFILE_DIR_PATH}/Podfile.lock\" \"${PODS_ROOT}/Manifest.lock\" > /dev/null\nif [ $? != 0 ] ; then\n    # print error to STDERR\n    echo \"error: The sandbox is not in sync with the Podfile.lock. Run 'pod install' or update your CocoaPods installation.\" >&2\n    exit 1\nfi\n# This output is used by Xcode 'outputs' to avoid re-running this script phase.\necho \"SUCCESS\" > \"${SCRIPT_OUTPUT_FILE_0}\"\n";
			showEnvVarsInLog = 0;
		};
		E720B172F4A9675F948CFE30 /* [CP] Embed Pods Frameworks */ = {
			isa = PBXShellScriptBuildPhase;
			buildActionMask = 2147483647;
			files = (
			);
			inputFileListPaths = (
				"${PODS_ROOT}/Target Support Files/Pods-emvee/Pods-emvee-frameworks-${CONFIGURATION}-input-files.xcfilelist",
			);
			name = "[CP] Embed Pods Frameworks";
			outputFileListPaths = (
				"${PODS_ROOT}/Target Support Files/Pods-emvee/Pods-emvee-frameworks-${CONFIGURATION}-output-files.xcfilelist",
			);
			runOnlyForDeploymentPostprocessing = 0;
			shellPath = /bin/sh;
			shellScript = "\"${PODS_ROOT}/Target Support Files/Pods-emvee/Pods-emvee-frameworks.sh\"\n";
			showEnvVarsInLog = 0;
		};
		FA76570F247722760022C644 /* ShellScript */ = {
			isa = PBXShellScriptBuildPhase;
			buildActionMask = 2147483647;
			files = (
			);
			inputFileListPaths = (
			);
			inputPaths = (
			);
			outputFileListPaths = (
			);
			outputPaths = (
			);
			runOnlyForDeploymentPostprocessing = 0;
			shellPath = /bin/sh;
			shellScript = "# Type a script or drag a script file from your workspace to insert its path.\ncustom_sim=`xcrun simctl list | grep 'Custom Simulators' | awk -F'[()]' '{print $2}'`\nif [ ! -z \"${custom_sim}\" ] && [ \"${TARGET_DEVICE_IDENTIFIER}\" = \"${custom_sim}\" ]; then\n/bin/sh launch_multiple_simulators.sh\nfi\n";
		};
/* End PBXShellScriptBuildPhase section */

/* Begin PBXSourcesBuildPhase section */
		FA54DBE124661C99008227FE /* Sources */ = {
			isa = PBXSourcesBuildPhase;
			buildActionMask = 2147483647;
			files = (
				FA9505C724A2B96800AD3BEF /* EditProfileViewController.swift in Sources */,
				FA54DBED24661C99008227FE /* WelcomeViewController.swift in Sources */,
				FA91C601246F5BA900895098 /* ChatRoom.swift in Sources */,
				FA785165249962A5001A8949 /* Popup.swift in Sources */,
				FA54DBE924661C99008227FE /* AppDelegate.swift in Sources */,
				FA54DC0D24666A0C008227FE /* ProfileViewController.swift in Sources */,
				FA0899C8249C7109005061DB /* UITextView+.swift in Sources */,
				FA91C5FF246F56E800895098 /* DatabaseRepresentation.swift in Sources */,
				FA91C65F24749F2E00895098 /* UIRadioButton.swift in Sources */,
				FA91C60324709FF000895098 /* NavigationController.swift in Sources */,
				FA54DC052466232D008227FE /* StyleUtilities.swift in Sources */,
				FA54DBFD24661CDF008227FE /* SignUpViewController.swift in Sources */,
				FA54DBFF24661CEA008227FE /* LoginViewController.swift in Sources */,
				FA54DBEB24661C99008227FE /* SceneDelegate.swift in Sources */,
				FA9505CB24A5336B00AD3BEF /* UIViewController+.swift in Sources */,
				FA54DC0724662352008227FE /* FormUtilities.swift in Sources */,
				FA54DC0124661D01008227FE /* HomeViewController.swift in Sources */,
				FA91C5FB246F49F500895098 /* TextChatViewController.swift in Sources */,
				FA54DC0B24663B37008227FE /* Constants.swift in Sources */,
				FA5AD8C5248AF991001DFAB6 /* VideoChatViewController.swift in Sources */,
				FA9505C324A15C0400AD3BEF /* UILabel+.swift in Sources */,
				FA54DC152467C168008227FE /* SettingsViewController.swift in Sources */,
				FA91C5FD246F4ADE00895098 /* Message.swift in Sources */,
			);
			runOnlyForDeploymentPostprocessing = 0;
		};
/* End PBXSourcesBuildPhase section */

/* Begin PBXVariantGroup section */
		FA54DBF324661C9A008227FE /* LaunchScreen.storyboard */ = {
			isa = PBXVariantGroup;
			children = (
				FA54DBF424661C9A008227FE /* Base */,
			);
			name = LaunchScreen.storyboard;
			sourceTree = "<group>";
		};
		FA91C6592470E24400895098 /* Main.storyboard */ = {
			isa = PBXVariantGroup;
			children = (
				FA91C65A2470E24400895098 /* Base */,
			);
			name = Main.storyboard;
			sourceTree = "<group>";
		};
/* End PBXVariantGroup section */

/* Begin XCBuildConfiguration section */
		FA54DBF724661C9A008227FE /* Debug */ = {
			isa = XCBuildConfiguration;
			buildSettings = {
				ALWAYS_SEARCH_USER_PATHS = NO;
				CLANG_ANALYZER_NONNULL = YES;
				CLANG_ANALYZER_NUMBER_OBJECT_CONVERSION = YES_AGGRESSIVE;
				CLANG_CXX_LANGUAGE_STANDARD = "gnu++14";
				CLANG_CXX_LIBRARY = "libc++";
				CLANG_ENABLE_MODULES = YES;
				CLANG_ENABLE_OBJC_ARC = YES;
				CLANG_ENABLE_OBJC_WEAK = YES;
				CLANG_WARN_BLOCK_CAPTURE_AUTORELEASING = YES;
				CLANG_WARN_BOOL_CONVERSION = YES;
				CLANG_WARN_COMMA = YES;
				CLANG_WARN_CONSTANT_CONVERSION = YES;
				CLANG_WARN_DEPRECATED_OBJC_IMPLEMENTATIONS = YES;
				CLANG_WARN_DIRECT_OBJC_ISA_USAGE = YES_ERROR;
				CLANG_WARN_DOCUMENTATION_COMMENTS = YES;
				CLANG_WARN_EMPTY_BODY = YES;
				CLANG_WARN_ENUM_CONVERSION = YES;
				CLANG_WARN_INFINITE_RECURSION = YES;
				CLANG_WARN_INT_CONVERSION = YES;
				CLANG_WARN_NON_LITERAL_NULL_CONVERSION = YES;
				CLANG_WARN_OBJC_IMPLICIT_RETAIN_SELF = YES;
				CLANG_WARN_OBJC_LITERAL_CONVERSION = YES;
				CLANG_WARN_OBJC_ROOT_CLASS = YES_ERROR;
				CLANG_WARN_RANGE_LOOP_ANALYSIS = YES;
				CLANG_WARN_STRICT_PROTOTYPES = YES;
				CLANG_WARN_SUSPICIOUS_MOVE = YES;
				CLANG_WARN_UNGUARDED_AVAILABILITY = YES_AGGRESSIVE;
				CLANG_WARN_UNREACHABLE_CODE = YES;
				CLANG_WARN__DUPLICATE_METHOD_MATCH = YES;
				COPY_PHASE_STRIP = NO;
				DEBUG_INFORMATION_FORMAT = dwarf;
				ENABLE_STRICT_OBJC_MSGSEND = YES;
				ENABLE_TESTABILITY = YES;
				GCC_C_LANGUAGE_STANDARD = gnu11;
				GCC_DYNAMIC_NO_PIC = NO;
				GCC_NO_COMMON_BLOCKS = YES;
				GCC_OPTIMIZATION_LEVEL = 0;
				GCC_PREPROCESSOR_DEFINITIONS = (
					"DEBUG=1",
					"$(inherited)",
				);
				GCC_WARN_64_TO_32_BIT_CONVERSION = YES;
				GCC_WARN_ABOUT_RETURN_TYPE = YES_ERROR;
				GCC_WARN_UNDECLARED_SELECTOR = YES;
				GCC_WARN_UNINITIALIZED_AUTOS = YES_AGGRESSIVE;
				GCC_WARN_UNUSED_FUNCTION = YES;
				GCC_WARN_UNUSED_VARIABLE = YES;
				IPHONEOS_DEPLOYMENT_TARGET = 13.0;
				MTL_ENABLE_DEBUG_INFO = INCLUDE_SOURCE;
				MTL_FAST_MATH = YES;
				ONLY_ACTIVE_ARCH = YES;
				SDKROOT = iphoneos;
				SWIFT_ACTIVE_COMPILATION_CONDITIONS = DEBUG;
				SWIFT_OPTIMIZATION_LEVEL = "-Onone";
			};
			name = Debug;
		};
		FA54DBF824661C9A008227FE /* Release */ = {
			isa = XCBuildConfiguration;
			buildSettings = {
				ALWAYS_SEARCH_USER_PATHS = NO;
				CLANG_ANALYZER_NONNULL = YES;
				CLANG_ANALYZER_NUMBER_OBJECT_CONVERSION = YES_AGGRESSIVE;
				CLANG_CXX_LANGUAGE_STANDARD = "gnu++14";
				CLANG_CXX_LIBRARY = "libc++";
				CLANG_ENABLE_MODULES = YES;
				CLANG_ENABLE_OBJC_ARC = YES;
				CLANG_ENABLE_OBJC_WEAK = YES;
				CLANG_WARN_BLOCK_CAPTURE_AUTORELEASING = YES;
				CLANG_WARN_BOOL_CONVERSION = YES;
				CLANG_WARN_COMMA = YES;
				CLANG_WARN_CONSTANT_CONVERSION = YES;
				CLANG_WARN_DEPRECATED_OBJC_IMPLEMENTATIONS = YES;
				CLANG_WARN_DIRECT_OBJC_ISA_USAGE = YES_ERROR;
				CLANG_WARN_DOCUMENTATION_COMMENTS = YES;
				CLANG_WARN_EMPTY_BODY = YES;
				CLANG_WARN_ENUM_CONVERSION = YES;
				CLANG_WARN_INFINITE_RECURSION = YES;
				CLANG_WARN_INT_CONVERSION = YES;
				CLANG_WARN_NON_LITERAL_NULL_CONVERSION = YES;
				CLANG_WARN_OBJC_IMPLICIT_RETAIN_SELF = YES;
				CLANG_WARN_OBJC_LITERAL_CONVERSION = YES;
				CLANG_WARN_OBJC_ROOT_CLASS = YES_ERROR;
				CLANG_WARN_RANGE_LOOP_ANALYSIS = YES;
				CLANG_WARN_STRICT_PROTOTYPES = YES;
				CLANG_WARN_SUSPICIOUS_MOVE = YES;
				CLANG_WARN_UNGUARDED_AVAILABILITY = YES_AGGRESSIVE;
				CLANG_WARN_UNREACHABLE_CODE = YES;
				CLANG_WARN__DUPLICATE_METHOD_MATCH = YES;
				COPY_PHASE_STRIP = NO;
				DEBUG_INFORMATION_FORMAT = "dwarf-with-dsym";
				ENABLE_NS_ASSERTIONS = NO;
				ENABLE_STRICT_OBJC_MSGSEND = YES;
				GCC_C_LANGUAGE_STANDARD = gnu11;
				GCC_NO_COMMON_BLOCKS = YES;
				GCC_WARN_64_TO_32_BIT_CONVERSION = YES;
				GCC_WARN_ABOUT_RETURN_TYPE = YES_ERROR;
				GCC_WARN_UNDECLARED_SELECTOR = YES;
				GCC_WARN_UNINITIALIZED_AUTOS = YES_AGGRESSIVE;
				GCC_WARN_UNUSED_FUNCTION = YES;
				GCC_WARN_UNUSED_VARIABLE = YES;
				IPHONEOS_DEPLOYMENT_TARGET = 13.0;
				MTL_ENABLE_DEBUG_INFO = NO;
				MTL_FAST_MATH = YES;
				SDKROOT = iphoneos;
				SWIFT_COMPILATION_MODE = wholemodule;
				SWIFT_OPTIMIZATION_LEVEL = "-O";
				VALIDATE_PRODUCT = YES;
			};
			name = Release;
		};
		FA54DBFA24661C9A008227FE /* Debug */ = {
			isa = XCBuildConfiguration;
			baseConfigurationReference = C73BBCB7FA4B906C09DD68BE /* Pods-emvee.debug.xcconfig */;
			buildSettings = {
				ASSETCATALOG_COMPILER_APPICON_NAME = AppIcon;
				CODE_SIGN_STYLE = Automatic;
				DEVELOPMENT_TEAM = X6KK3Y5QZJ;
				INFOPLIST_FILE = emvee/Info.plist;
				LD_RUNPATH_SEARCH_PATHS = (
					"$(inherited)",
					"@executable_path/Frameworks",
				);
				MARKETING_VERSION = 1.2;
				PRODUCT_BUNDLE_IDENTIFIER = com.eric.emvee;
				PRODUCT_NAME = emvee;
				SWIFT_VERSION = 5.0;
				TARGETED_DEVICE_FAMILY = "1,2";
			};
			name = Debug;
		};
		FA54DBFB24661C9A008227FE /* Release */ = {
			isa = XCBuildConfiguration;
			baseConfigurationReference = 7EF20D9AEE8B98C3F45F02C4 /* Pods-emvee.release.xcconfig */;
			buildSettings = {
				ASSETCATALOG_COMPILER_APPICON_NAME = AppIcon;
				CODE_SIGN_STYLE = Automatic;
				DEVELOPMENT_TEAM = X6KK3Y5QZJ;
				INFOPLIST_FILE = emvee/Info.plist;
				LD_RUNPATH_SEARCH_PATHS = (
					"$(inherited)",
					"@executable_path/Frameworks",
				);
				MARKETING_VERSION = 1.2;
				PRODUCT_BUNDLE_IDENTIFIER = com.eric.emvee;
				PRODUCT_NAME = emvee;
				SWIFT_VERSION = 5.0;
				TARGETED_DEVICE_FAMILY = "1,2";
			};
			name = Release;
		};
/* End XCBuildConfiguration section */

/* Begin XCConfigurationList section */
		FA54DBE024661C99008227FE /* Build configuration list for PBXProject "emvee" */ = {
			isa = XCConfigurationList;
			buildConfigurations = (
				FA54DBF724661C9A008227FE /* Debug */,
				FA54DBF824661C9A008227FE /* Release */,
			);
			defaultConfigurationIsVisible = 0;
			defaultConfigurationName = Release;
		};
		FA54DBF924661C9A008227FE /* Build configuration list for PBXNativeTarget "emvee" */ = {
			isa = XCConfigurationList;
			buildConfigurations = (
				FA54DBFA24661C9A008227FE /* Debug */,
				FA54DBFB24661C9A008227FE /* Release */,
			);
			defaultConfigurationIsVisible = 0;
			defaultConfigurationName = Release;
		};
/* End XCConfigurationList section */
	};
	rootObject = FA54DBDD24661C99008227FE /* Project object */;
}
