// !$*UTF8*$!
{
	archiveVersion = 1;
	classes = {
	};
	objectVersion = 51;
	objects = {

/* Begin PBXBuildFile section */
		EB10CDFEF200D05960A73BFC /* Pods_FirebaseAuthentification.framework in Frameworks */ = {isa = PBXBuildFile; fileRef = 789B5EF268ECD969116BCD66 /* Pods_FirebaseAuthentification.framework */; };
		FA54DBE924661C99008227FE /* AppDelegate.swift in Sources */ = {isa = PBXBuildFile; fileRef = FA54DBE824661C99008227FE /* AppDelegate.swift */; };
		FA54DBEB24661C99008227FE /* SceneDelegate.swift in Sources */ = {isa = PBXBuildFile; fileRef = FA54DBEA24661C99008227FE /* SceneDelegate.swift */; };
		FA54DBED24661C99008227FE /* WelcomeViewController.swift in Sources */ = {isa = PBXBuildFile; fileRef = FA54DBEC24661C99008227FE /* WelcomeViewController.swift */; };
		FA54DBF024661C99008227FE /* Main.storyboard in Resources */ = {isa = PBXBuildFile; fileRef = FA54DBEE24661C99008227FE /* Main.storyboard */; };
		FA54DBF224661C9A008227FE /* Assets.xcassets in Resources */ = {isa = PBXBuildFile; fileRef = FA54DBF124661C9A008227FE /* Assets.xcassets */; };
		FA54DBF524661C9A008227FE /* LaunchScreen.storyboard in Resources */ = {isa = PBXBuildFile; fileRef = FA54DBF324661C9A008227FE /* LaunchScreen.storyboard */; };
		FA54DBFD24661CDF008227FE /* SignUpViewController.swift in Sources */ = {isa = PBXBuildFile; fileRef = FA54DBFC24661CDF008227FE /* SignUpViewController.swift */; };
		FA54DBFF24661CEA008227FE /* LoginViewController.swift in Sources */ = {isa = PBXBuildFile; fileRef = FA54DBFE24661CEA008227FE /* LoginViewController.swift */; };
		FA54DC0124661D01008227FE /* HomeViewController.swift in Sources */ = {isa = PBXBuildFile; fileRef = FA54DC0024661D01008227FE /* HomeViewController.swift */; };
		FA54DC052466232D008227FE /* StyleUtilities.swift in Sources */ = {isa = PBXBuildFile; fileRef = FA54DC042466232D008227FE /* StyleUtilities.swift */; };
		FA54DC0724662352008227FE /* FormUtilities.swift in Sources */ = {isa = PBXBuildFile; fileRef = FA54DC0624662352008227FE /* FormUtilities.swift */; };
		FA54DC0924662681008227FE /* GoogleService-Info.plist in Resources */ = {isa = PBXBuildFile; fileRef = FA54DC0824662681008227FE /* GoogleService-Info.plist */; };
		FA54DC0B24663B37008227FE /* Constants.swift in Sources */ = {isa = PBXBuildFile; fileRef = FA54DC0A24663B37008227FE /* Constants.swift */; };
		FA54DC0D24666A0C008227FE /* ProfileViewController.swift in Sources */ = {isa = PBXBuildFile; fileRef = FA54DC0C24666A0C008227FE /* ProfileViewController.swift */; };
		FA54DC132467A64D008227FE /* PopAnimator.swift in Sources */ = {isa = PBXBuildFile; fileRef = FA54DC122467A64D008227FE /* PopAnimator.swift */; };
		FA54DC152467C168008227FE /* SettingsViewController.swift in Sources */ = {isa = PBXBuildFile; fileRef = FA54DC142467C168008227FE /* SettingsViewController.swift */; };
		FA91C5FB246F49F500895098 /* TextChatViewController.swift in Sources */ = {isa = PBXBuildFile; fileRef = FA91C5FA246F49F500895098 /* TextChatViewController.swift */; };
		FA91C5FD246F4ADE00895098 /* Message.swift in Sources */ = {isa = PBXBuildFile; fileRef = FA91C5FC246F4ADE00895098 /* Message.swift */; };
		FA91C5FF246F56E800895098 /* DatabaseRepresentation.swift in Sources */ = {isa = PBXBuildFile; fileRef = FA91C5FE246F56E800895098 /* DatabaseRepresentation.swift */; };
		FA91C601246F5BA900895098 /* Channel.swift in Sources */ = {isa = PBXBuildFile; fileRef = FA91C600246F5BA800895098 /* Channel.swift */; };
/* End PBXBuildFile section */

/* Begin PBXFileReference section */
		1DD6C80516D350B9AF075916 /* Pods-FirebaseAuthentification.release.xcconfig */ = {isa = PBXFileReference; includeInIndex = 1; lastKnownFileType = text.xcconfig; name = "Pods-FirebaseAuthentification.release.xcconfig"; path = "Target Support Files/Pods-FirebaseAuthentification/Pods-FirebaseAuthentification.release.xcconfig"; sourceTree = "<group>"; };
		789B5EF268ECD969116BCD66 /* Pods_FirebaseAuthentification.framework */ = {isa = PBXFileReference; explicitFileType = wrapper.framework; includeInIndex = 0; path = Pods_FirebaseAuthentification.framework; sourceTree = BUILT_PRODUCTS_DIR; };
		F14BE25128F6B3AB279C7699 /* Pods-FirebaseAuthentification.debug.xcconfig */ = {isa = PBXFileReference; includeInIndex = 1; lastKnownFileType = text.xcconfig; name = "Pods-FirebaseAuthentification.debug.xcconfig"; path = "Target Support Files/Pods-FirebaseAuthentification/Pods-FirebaseAuthentification.debug.xcconfig"; sourceTree = "<group>"; };
		FA54DBE524661C99008227FE /* FirebaseAuthentification.app */ = {isa = PBXFileReference; explicitFileType = wrapper.application; includeInIndex = 0; path = FirebaseAuthentification.app; sourceTree = BUILT_PRODUCTS_DIR; };
		FA54DBE824661C99008227FE /* AppDelegate.swift */ = {isa = PBXFileReference; lastKnownFileType = sourcecode.swift; path = AppDelegate.swift; sourceTree = "<group>"; };
		FA54DBEA24661C99008227FE /* SceneDelegate.swift */ = {isa = PBXFileReference; lastKnownFileType = sourcecode.swift; path = SceneDelegate.swift; sourceTree = "<group>"; };
		FA54DBEC24661C99008227FE /* WelcomeViewController.swift */ = {isa = PBXFileReference; lastKnownFileType = sourcecode.swift; path = WelcomeViewController.swift; sourceTree = "<group>"; };
		FA54DBEF24661C99008227FE /* Base */ = {isa = PBXFileReference; lastKnownFileType = file.storyboard; name = Base; path = Base.lproj/Main.storyboard; sourceTree = "<group>"; };
		FA54DBF124661C9A008227FE /* Assets.xcassets */ = {isa = PBXFileReference; lastKnownFileType = folder.assetcatalog; path = Assets.xcassets; sourceTree = "<group>"; };
		FA54DBF424661C9A008227FE /* Base */ = {isa = PBXFileReference; lastKnownFileType = file.storyboard; name = Base; path = Base.lproj/LaunchScreen.storyboard; sourceTree = "<group>"; };
		FA54DBF624661C9A008227FE /* Info.plist */ = {isa = PBXFileReference; lastKnownFileType = text.plist.xml; path = Info.plist; sourceTree = "<group>"; };
		FA54DBFC24661CDF008227FE /* SignUpViewController.swift */ = {isa = PBXFileReference; lastKnownFileType = sourcecode.swift; path = SignUpViewController.swift; sourceTree = "<group>"; };
		FA54DBFE24661CEA008227FE /* LoginViewController.swift */ = {isa = PBXFileReference; lastKnownFileType = sourcecode.swift; path = LoginViewController.swift; sourceTree = "<group>"; };
		FA54DC0024661D01008227FE /* HomeViewController.swift */ = {isa = PBXFileReference; lastKnownFileType = sourcecode.swift; path = HomeViewController.swift; sourceTree = "<group>"; };
		FA54DC042466232D008227FE /* StyleUtilities.swift */ = {isa = PBXFileReference; fileEncoding = 4; lastKnownFileType = sourcecode.swift; path = StyleUtilities.swift; sourceTree = "<group>"; };
		FA54DC0624662352008227FE /* FormUtilities.swift */ = {isa = PBXFileReference; lastKnownFileType = sourcecode.swift; path = FormUtilities.swift; sourceTree = "<group>"; };
		FA54DC0824662681008227FE /* GoogleService-Info.plist */ = {isa = PBXFileReference; fileEncoding = 4; lastKnownFileType = text.plist.xml; path = "GoogleService-Info.plist"; sourceTree = "<group>"; };
		FA54DC0A24663B37008227FE /* Constants.swift */ = {isa = PBXFileReference; lastKnownFileType = sourcecode.swift; path = Constants.swift; sourceTree = "<group>"; };
		FA54DC0C24666A0C008227FE /* ProfileViewController.swift */ = {isa = PBXFileReference; lastKnownFileType = sourcecode.swift; path = ProfileViewController.swift; sourceTree = "<group>"; };
		FA54DC122467A64D008227FE /* PopAnimator.swift */ = {isa = PBXFileReference; lastKnownFileType = sourcecode.swift; path = PopAnimator.swift; sourceTree = "<group>"; };
		FA54DC142467C168008227FE /* SettingsViewController.swift */ = {isa = PBXFileReference; lastKnownFileType = sourcecode.swift; path = SettingsViewController.swift; sourceTree = "<group>"; };
		FA91C5FA246F49F500895098 /* TextChatViewController.swift */ = {isa = PBXFileReference; lastKnownFileType = sourcecode.swift; path = TextChatViewController.swift; sourceTree = "<group>"; };
		FA91C5FC246F4ADE00895098 /* Message.swift */ = {isa = PBXFileReference; lastKnownFileType = sourcecode.swift; path = Message.swift; sourceTree = "<group>"; };
		FA91C5FE246F56E800895098 /* DatabaseRepresentation.swift */ = {isa = PBXFileReference; lastKnownFileType = sourcecode.swift; path = DatabaseRepresentation.swift; sourceTree = "<group>"; };
		FA91C600246F5BA800895098 /* Channel.swift */ = {isa = PBXFileReference; lastKnownFileType = sourcecode.swift; path = Channel.swift; sourceTree = "<group>"; };
/* End PBXFileReference section */

/* Begin PBXFrameworksBuildPhase section */
		FA54DBE224661C99008227FE /* Frameworks */ = {
			isa = PBXFrameworksBuildPhase;
			buildActionMask = 2147483647;
			files = (
				EB10CDFEF200D05960A73BFC /* Pods_FirebaseAuthentification.framework in Frameworks */,
			);
			runOnlyForDeploymentPostprocessing = 0;
		};
/* End PBXFrameworksBuildPhase section */

/* Begin PBXGroup section */
		4716F8D841E487BE20A85BB6 /* Pods */ = {
			isa = PBXGroup;
			children = (
				F14BE25128F6B3AB279C7699 /* Pods-FirebaseAuthentification.debug.xcconfig */,
				1DD6C80516D350B9AF075916 /* Pods-FirebaseAuthentification.release.xcconfig */,
			);
			path = Pods;
			sourceTree = "<group>";
		};
		8FD1FEABCC246CE8F834946B /* Frameworks */ = {
			isa = PBXGroup;
			children = (
				789B5EF268ECD969116BCD66 /* Pods_FirebaseAuthentification.framework */,
			);
			name = Frameworks;
			sourceTree = "<group>";
		};
		FA54DBDC24661C99008227FE = {
			isa = PBXGroup;
			children = (
				FA54DBE724661C99008227FE /* FirebaseAuthentification */,
				FA54DBE624661C99008227FE /* Products */,
				4716F8D841E487BE20A85BB6 /* Pods */,
				8FD1FEABCC246CE8F834946B /* Frameworks */,
			);
			sourceTree = "<group>";
		};
		FA54DBE624661C99008227FE /* Products */ = {
			isa = PBXGroup;
			children = (
				FA54DBE524661C99008227FE /* FirebaseAuthentification.app */,
			);
			name = Products;
			sourceTree = "<group>";
		};
		FA54DBE724661C99008227FE /* FirebaseAuthentification */ = {
			isa = PBXGroup;
			children = (
				FA91C5EB246E1ABC00895098 /* Extensions */,
				FA91C5E6246E153C00895098 /* Views */,
				FA91C5DA246E062000895098 /* Models */,
				FA54DC032466229F008227FE /* Helpers */,
				FA54DC0224661D07008227FE /* View Controllers */,
				FA54DBE824661C99008227FE /* AppDelegate.swift */,
				FA54DBEA24661C99008227FE /* SceneDelegate.swift */,
				FA54DBEE24661C99008227FE /* Main.storyboard */,
				FA54DBF124661C9A008227FE /* Assets.xcassets */,
				FA54DBF324661C9A008227FE /* LaunchScreen.storyboard */,
				FA54DBF624661C9A008227FE /* Info.plist */,
				FA54DC0824662681008227FE /* GoogleService-Info.plist */,
				FA54DC122467A64D008227FE /* PopAnimator.swift */,
			);
			path = FirebaseAuthentification;
			sourceTree = "<group>";
		};
		FA54DC0224661D07008227FE /* View Controllers */ = {
			isa = PBXGroup;
			children = (
				FA54DBEC24661C99008227FE /* WelcomeViewController.swift */,
				FA54DBFC24661CDF008227FE /* SignUpViewController.swift */,
				FA54DBFE24661CEA008227FE /* LoginViewController.swift */,
				FA54DC0024661D01008227FE /* HomeViewController.swift */,
				FA54DC0C24666A0C008227FE /* ProfileViewController.swift */,
				FA54DC142467C168008227FE /* SettingsViewController.swift */,
				FA91C5FA246F49F500895098 /* TextChatViewController.swift */,
			);
			path = "View Controllers";
			sourceTree = "<group>";
		};
		FA54DC032466229F008227FE /* Helpers */ = {
			isa = PBXGroup;
			children = (
				FA54DC042466232D008227FE /* StyleUtilities.swift */,
				FA54DC0624662352008227FE /* FormUtilities.swift */,
				FA54DC0A24663B37008227FE /* Constants.swift */,
			);
			path = Helpers;
			sourceTree = "<group>";
		};
		FA91C5DA246E062000895098 /* Models */ = {
			isa = PBXGroup;
			children = (
				FA91C5FC246F4ADE00895098 /* Message.swift */,
				FA91C5FE246F56E800895098 /* DatabaseRepresentation.swift */,
				FA91C600246F5BA800895098 /* Channel.swift */,
			);
			path = Models;
			sourceTree = "<group>";
		};
		FA91C5E6246E153C00895098 /* Views */ = {
			isa = PBXGroup;
			children = (
			);
			path = Views;
			sourceTree = "<group>";
		};
		FA91C5EB246E1ABC00895098 /* Extensions */ = {
			isa = PBXGroup;
			children = (
			);
			path = Extensions;
			sourceTree = "<group>";
		};
/* End PBXGroup section */

/* Begin PBXNativeTarget section */
		FA54DBE424661C99008227FE /* FirebaseAuthentification */ = {
			isa = PBXNativeTarget;
			buildConfigurationList = FA54DBF924661C9A008227FE /* Build configuration list for PBXNativeTarget "FirebaseAuthentification" */;
			buildPhases = (
				88F9C42BB04A27BE6E7DEDB6 /* [CP] Check Pods Manifest.lock */,
				FA54DBE124661C99008227FE /* Sources */,
				FA54DBE224661C99008227FE /* Frameworks */,
				FA54DBE324661C99008227FE /* Resources */,
				E720B172F4A9675F948CFE30 /* [CP] Embed Pods Frameworks */,
			);
			buildRules = (
			);
			dependencies = (
			);
			name = FirebaseAuthentification;
			productName = FirebaseAuthentification;
			productReference = FA54DBE524661C99008227FE /* FirebaseAuthentification.app */;
			productType = "com.apple.product-type.application";
		};
/* End PBXNativeTarget section */

/* Begin PBXProject section */
		FA54DBDD24661C99008227FE /* Project object */ = {
			isa = PBXProject;
			attributes = {
				LastSwiftUpdateCheck = 1140;
				LastUpgradeCheck = 1140;
				ORGANIZATIONNAME = "Eric Gustin";
				TargetAttributes = {
					FA54DBE424661C99008227FE = {
						CreatedOnToolsVersion = 11.4.1;
					};
				};
			};
			buildConfigurationList = FA54DBE024661C99008227FE /* Build configuration list for PBXProject "FirebaseAuthentification" */;
			compatibilityVersion = "Xcode 9.3";
			developmentRegion = en;
			hasScannedForEncodings = 0;
			knownRegions = (
				en,
				Base,
			);
			mainGroup = FA54DBDC24661C99008227FE;
			productRefGroup = FA54DBE624661C99008227FE /* Products */;
			projectDirPath = "";
			projectRoot = "";
			targets = (
				FA54DBE424661C99008227FE /* FirebaseAuthentification */,
			);
		};
/* End PBXProject section */

/* Begin PBXResourcesBuildPhase section */
		FA54DBE324661C99008227FE /* Resources */ = {
			isa = PBXResourcesBuildPhase;
			buildActionMask = 2147483647;
			files = (
				FA54DBF524661C9A008227FE /* LaunchScreen.storyboard in Resources */,
				FA54DC0924662681008227FE /* GoogleService-Info.plist in Resources */,
				FA54DBF224661C9A008227FE /* Assets.xcassets in Resources */,
				FA54DBF024661C99008227FE /* Main.storyboard in Resources */,
			);
			runOnlyForDeploymentPostprocessing = 0;
		};
/* End PBXResourcesBuildPhase section */

/* Begin PBXShellScriptBuildPhase section */
		88F9C42BB04A27BE6E7DEDB6 /* [CP] Check Pods Manifest.lock */ = {
			isa = PBXShellScriptBuildPhase;
			buildActionMask = 2147483647;
			files = (
			);
			inputFileListPaths = (
			);
			inputPaths = (
				"${PODS_PODFILE_DIR_PATH}/Podfile.lock",
				"${PODS_ROOT}/Manifest.lock",
			);
			name = "[CP] Check Pods Manifest.lock";
			outputFileListPaths = (
			);
			outputPaths = (
				"$(DERIVED_FILE_DIR)/Pods-FirebaseAuthentification-checkManifestLockResult.txt",
			);
			runOnlyForDeploymentPostprocessing = 0;
			shellPath = /bin/sh;
			shellScript = "diff \"${PODS_PODFILE_DIR_PATH}/Podfile.lock\" \"${PODS_ROOT}/Manifest.lock\" > /dev/null\nif [ $? != 0 ] ; then\n    # print error to STDERR\n    echo \"error: The sandbox is not in sync with the Podfile.lock. Run 'pod install' or update your CocoaPods installation.\" >&2\n    exit 1\nfi\n# This output is used by Xcode 'outputs' to avoid re-running this script phase.\necho \"SUCCESS\" > \"${SCRIPT_OUTPUT_FILE_0}\"\n";
			showEnvVarsInLog = 0;
		};
		E720B172F4A9675F948CFE30 /* [CP] Embed Pods Frameworks */ = {
			isa = PBXShellScriptBuildPhase;
			buildActionMask = 2147483647;
			files = (
			);
			inputFileListPaths = (
				"${PODS_ROOT}/Target Support Files/Pods-FirebaseAuthentification/Pods-FirebaseAuthentification-frameworks-${CONFIGURATION}-input-files.xcfilelist",
			);
			name = "[CP] Embed Pods Frameworks";
			outputFileListPaths = (
				"${PODS_ROOT}/Target Support Files/Pods-FirebaseAuthentification/Pods-FirebaseAuthentification-frameworks-${CONFIGURATION}-output-files.xcfilelist",
			);
			runOnlyForDeploymentPostprocessing = 0;
			shellPath = /bin/sh;
			shellScript = "\"${PODS_ROOT}/Target Support Files/Pods-FirebaseAuthentification/Pods-FirebaseAuthentification-frameworks.sh\"\n";
			showEnvVarsInLog = 0;
		};
/* End PBXShellScriptBuildPhase section */

/* Begin PBXSourcesBuildPhase section */
		FA54DBE124661C99008227FE /* Sources */ = {
			isa = PBXSourcesBuildPhase;
			buildActionMask = 2147483647;
			files = (
				FA54DBED24661C99008227FE /* WelcomeViewController.swift in Sources */,
				FA91C601246F5BA900895098 /* Channel.swift in Sources */,
				FA54DBE924661C99008227FE /* AppDelegate.swift in Sources */,
				FA54DC0D24666A0C008227FE /* ProfileViewController.swift in Sources */,
				FA91C5FF246F56E800895098 /* DatabaseRepresentation.swift in Sources */,
				FA54DC132467A64D008227FE /* PopAnimator.swift in Sources */,
				FA54DC052466232D008227FE /* StyleUtilities.swift in Sources */,
				FA54DBFD24661CDF008227FE /* SignUpViewController.swift in Sources */,
				FA54DBFF24661CEA008227FE /* LoginViewController.swift in Sources */,
				FA54DBEB24661C99008227FE /* SceneDelegate.swift in Sources */,
				FA54DC0724662352008227FE /* FormUtilities.swift in Sources */,
				FA54DC0124661D01008227FE /* HomeViewController.swift in Sources */,
				FA91C5FB246F49F500895098 /* TextChatViewController.swift in Sources */,
				FA54DC0B24663B37008227FE /* Constants.swift in Sources */,
				FA54DC152467C168008227FE /* SettingsViewController.swift in Sources */,
				FA91C5FD246F4ADE00895098 /* Message.swift in Sources */,
			);
			runOnlyForDeploymentPostprocessing = 0;
		};
/* End PBXSourcesBuildPhase section */

/* Begin PBXVariantGroup section */
		FA54DBEE24661C99008227FE /* Main.storyboard */ = {
			isa = PBXVariantGroup;
			children = (
				FA54DBEF24661C99008227FE /* Base */,
			);
			name = Main.storyboard;
			sourceTree = "<group>";
		};
		FA54DBF324661C9A008227FE /* LaunchScreen.storyboard */ = {
			isa = PBXVariantGroup;
			children = (
				FA54DBF424661C9A008227FE /* Base */,
			);
			name = LaunchScreen.storyboard;
			sourceTree = "<group>";
		};
/* End PBXVariantGroup section */

/* Begin XCBuildConfiguration section */
		FA54DBF724661C9A008227FE /* Debug */ = {
			isa = XCBuildConfiguration;
			buildSettings = {
				ALWAYS_SEARCH_USER_PATHS = NO;
				CLANG_ANALYZER_NONNULL = YES;
				CLANG_ANALYZER_NUMBER_OBJECT_CONVERSION = YES_AGGRESSIVE;
				CLANG_CXX_LANGUAGE_STANDARD = "gnu++14";
				CLANG_CXX_LIBRARY = "libc++";
				CLANG_ENABLE_MODULES = YES;
				CLANG_ENABLE_OBJC_ARC = YES;
				CLANG_ENABLE_OBJC_WEAK = YES;
				CLANG_WARN_BLOCK_CAPTURE_AUTORELEASING = YES;
				CLANG_WARN_BOOL_CONVERSION = YES;
				CLANG_WARN_COMMA = YES;
				CLANG_WARN_CONSTANT_CONVERSION = YES;
				CLANG_WARN_DEPRECATED_OBJC_IMPLEMENTATIONS = YES;
				CLANG_WARN_DIRECT_OBJC_ISA_USAGE = YES_ERROR;
				CLANG_WARN_DOCUMENTATION_COMMENTS = YES;
				CLANG_WARN_EMPTY_BODY = YES;
				CLANG_WARN_ENUM_CONVERSION = YES;
				CLANG_WARN_INFINITE_RECURSION = YES;
				CLANG_WARN_INT_CONVERSION = YES;
				CLANG_WARN_NON_LITERAL_NULL_CONVERSION = YES;
				CLANG_WARN_OBJC_IMPLICIT_RETAIN_SELF = YES;
				CLANG_WARN_OBJC_LITERAL_CONVERSION = YES;
				CLANG_WARN_OBJC_ROOT_CLASS = YES_ERROR;
				CLANG_WARN_RANGE_LOOP_ANALYSIS = YES;
				CLANG_WARN_STRICT_PROTOTYPES = YES;
				CLANG_WARN_SUSPICIOUS_MOVE = YES;
				CLANG_WARN_UNGUARDED_AVAILABILITY = YES_AGGRESSIVE;
				CLANG_WARN_UNREACHABLE_CODE = YES;
				CLANG_WARN__DUPLICATE_METHOD_MATCH = YES;
				COPY_PHASE_STRIP = NO;
				DEBUG_INFORMATION_FORMAT = dwarf;
				ENABLE_STRICT_OBJC_MSGSEND = YES;
				ENABLE_TESTABILITY = YES;
				GCC_C_LANGUAGE_STANDARD = gnu11;
				GCC_DYNAMIC_NO_PIC = NO;
				GCC_NO_COMMON_BLOCKS = YES;
				GCC_OPTIMIZATION_LEVEL = 0;
				GCC_PREPROCESSOR_DEFINITIONS = (
					"DEBUG=1",
					"$(inherited)",
				);
				GCC_WARN_64_TO_32_BIT_CONVERSION = YES;
				GCC_WARN_ABOUT_RETURN_TYPE = YES_ERROR;
				GCC_WARN_UNDECLARED_SELECTOR = YES;
				GCC_WARN_UNINITIALIZED_AUTOS = YES_AGGRESSIVE;
				GCC_WARN_UNUSED_FUNCTION = YES;
				GCC_WARN_UNUSED_VARIABLE = YES;
				IPHONEOS_DEPLOYMENT_TARGET = 13.4;
				MTL_ENABLE_DEBUG_INFO = INCLUDE_SOURCE;
				MTL_FAST_MATH = YES;
				ONLY_ACTIVE_ARCH = YES;
				SDKROOT = iphoneos;
				SWIFT_ACTIVE_COMPILATION_CONDITIONS = DEBUG;
				SWIFT_OPTIMIZATION_LEVEL = "-Onone";
			};
			name = Debug;
		};
		FA54DBF824661C9A008227FE /* Release */ = {
			isa = XCBuildConfiguration;
			buildSettings = {
				ALWAYS_SEARCH_USER_PATHS = NO;
				CLANG_ANALYZER_NONNULL = YES;
				CLANG_ANALYZER_NUMBER_OBJECT_CONVERSION = YES_AGGRESSIVE;
				CLANG_CXX_LANGUAGE_STANDARD = "gnu++14";
				CLANG_CXX_LIBRARY = "libc++";
				CLANG_ENABLE_MODULES = YES;
				CLANG_ENABLE_OBJC_ARC = YES;
				CLANG_ENABLE_OBJC_WEAK = YES;
				CLANG_WARN_BLOCK_CAPTURE_AUTORELEASING = YES;
				CLANG_WARN_BOOL_CONVERSION = YES;
				CLANG_WARN_COMMA = YES;
				CLANG_WARN_CONSTANT_CONVERSION = YES;
				CLANG_WARN_DEPRECATED_OBJC_IMPLEMENTATIONS = YES;
				CLANG_WARN_DIRECT_OBJC_ISA_USAGE = YES_ERROR;
				CLANG_WARN_DOCUMENTATION_COMMENTS = YES;
				CLANG_WARN_EMPTY_BODY = YES;
				CLANG_WARN_ENUM_CONVERSION = YES;
				CLANG_WARN_INFINITE_RECURSION = YES;
				CLANG_WARN_INT_CONVERSION = YES;
				CLANG_WARN_NON_LITERAL_NULL_CONVERSION = YES;
				CLANG_WARN_OBJC_IMPLICIT_RETAIN_SELF = YES;
				CLANG_WARN_OBJC_LITERAL_CONVERSION = YES;
				CLANG_WARN_OBJC_ROOT_CLASS = YES_ERROR;
				CLANG_WARN_RANGE_LOOP_ANALYSIS = YES;
				CLANG_WARN_STRICT_PROTOTYPES = YES;
				CLANG_WARN_SUSPICIOUS_MOVE = YES;
				CLANG_WARN_UNGUARDED_AVAILABILITY = YES_AGGRESSIVE;
				CLANG_WARN_UNREACHABLE_CODE = YES;
				CLANG_WARN__DUPLICATE_METHOD_MATCH = YES;
				COPY_PHASE_STRIP = NO;
				DEBUG_INFORMATION_FORMAT = "dwarf-with-dsym";
				ENABLE_NS_ASSERTIONS = NO;
				ENABLE_STRICT_OBJC_MSGSEND = YES;
				GCC_C_LANGUAGE_STANDARD = gnu11;
				GCC_NO_COMMON_BLOCKS = YES;
				GCC_WARN_64_TO_32_BIT_CONVERSION = YES;
				GCC_WARN_ABOUT_RETURN_TYPE = YES_ERROR;
				GCC_WARN_UNDECLARED_SELECTOR = YES;
				GCC_WARN_UNINITIALIZED_AUTOS = YES_AGGRESSIVE;
				GCC_WARN_UNUSED_FUNCTION = YES;
				GCC_WARN_UNUSED_VARIABLE = YES;
				IPHONEOS_DEPLOYMENT_TARGET = 13.4;
				MTL_ENABLE_DEBUG_INFO = NO;
				MTL_FAST_MATH = YES;
				SDKROOT = iphoneos;
				SWIFT_COMPILATION_MODE = wholemodule;
				SWIFT_OPTIMIZATION_LEVEL = "-O";
				VALIDATE_PRODUCT = YES;
			};
			name = Release;
		};
		FA54DBFA24661C9A008227FE /* Debug */ = {
			isa = XCBuildConfiguration;
			baseConfigurationReference = F14BE25128F6B3AB279C7699 /* Pods-FirebaseAuthentification.debug.xcconfig */;
			buildSettings = {
				ASSETCATALOG_COMPILER_APPICON_NAME = AppIcon;
				CODE_SIGN_STYLE = Automatic;
				DEVELOPMENT_TEAM = X6KK3Y5QZJ;
				INFOPLIST_FILE = FirebaseAuthentification/Info.plist;
				LD_RUNPATH_SEARCH_PATHS = (
					"$(inherited)",
					"@executable_path/Frameworks",
				);
				PRODUCT_BUNDLE_IDENTIFIER = com.eric.FirebaseAuthentification;
				PRODUCT_NAME = "$(TARGET_NAME)";
				SWIFT_VERSION = 5.0;
				TARGETED_DEVICE_FAMILY = "1,2";
			};
			name = Debug;
		};
		FA54DBFB24661C9A008227FE /* Release */ = {
			isa = XCBuildConfiguration;
			baseConfigurationReference = 1DD6C80516D350B9AF075916 /* Pods-FirebaseAuthentification.release.xcconfig */;
			buildSettings = {
				ASSETCATALOG_COMPILER_APPICON_NAME = AppIcon;
				CODE_SIGN_STYLE = Automatic;
				DEVELOPMENT_TEAM = X6KK3Y5QZJ;
				INFOPLIST_FILE = FirebaseAuthentification/Info.plist;
				LD_RUNPATH_SEARCH_PATHS = (
					"$(inherited)",
					"@executable_path/Frameworks",
				);
				PRODUCT_BUNDLE_IDENTIFIER = com.eric.FirebaseAuthentification;
				PRODUCT_NAME = "$(TARGET_NAME)";
				SWIFT_VERSION = 5.0;
				TARGETED_DEVICE_FAMILY = "1,2";
			};
			name = Release;
		};
/* End XCBuildConfiguration section */

/* Begin XCConfigurationList section */
		FA54DBE024661C99008227FE /* Build configuration list for PBXProject "FirebaseAuthentification" */ = {
			isa = XCConfigurationList;
			buildConfigurations = (
				FA54DBF724661C9A008227FE /* Debug */,
				FA54DBF824661C9A008227FE /* Release */,
			);
			defaultConfigurationIsVisible = 0;
			defaultConfigurationName = Release;
		};
		FA54DBF924661C9A008227FE /* Build configuration list for PBXNativeTarget "FirebaseAuthentification" */ = {
			isa = XCConfigurationList;
			buildConfigurations = (
				FA54DBFA24661C9A008227FE /* Debug */,
				FA54DBFB24661C9A008227FE /* Release */,
			);
			defaultConfigurationIsVisible = 0;
			defaultConfigurationName = Release;
		};
/* End XCConfigurationList section */
	};
	rootObject = FA54DBDD24661C99008227FE /* Project object */;
}
